
Microsoft Visual Studio Solution File, Format Version 12.00
# Visual Studio Version 17
VisualStudioVersion = 17.5.002.0
MinimumVisualStudioVersion = 10.0.40219.1
Project("{9A19103F-16F7-4668-BE54-9A1E7A4F7556}") = "todo-app-backend", "todo-app-backend\todo-app-backend.csproj", "{427663D8-E79D-4CF9-8D2A-3D5B63AA8088}"
EndProject
Global
	GlobalSection(SolutionConfigurationPlatforms) = preSolution
		Debug|Any CPU = Debug|Any CPU
		Release|Any CPU = Release|Any CPU
	EndGlobalSection
	GlobalSection(ProjectConfigurationPlatforms) = postSolution
		{427663D8-E79D-4CF9-8D2A-3D5B63AA8088}.Debug|Any CPU.ActiveCfg = Debug|Any CPU
		{427663D8-E79D-4CF9-8D2A-3D5B63AA8088}.Debug|Any CPU.Build.0 = Debug|Any CPU
		{427663D8-E79D-4CF9-8D2A-3D5B63AA8088}.Release|Any CPU.ActiveCfg = Release|Any CPU
		{427663D8-E79D-4CF9-8D2A-3D5B63AA8088}.Release|Any CPU.Build.0 = Release|Any CPU
	EndGlobalSection
	GlobalSection(SolutionProperties) = preSolution
		HideSolutionNode = FALSE
	EndGlobalSection
	GlobalSection(ExtensibilityGlobals) = postSolution
		SolutionGuid = {7AB58744-05F2-4E32-BF8E-1BE52E54F584}
	EndGlobalSection
EndGlobal
